
Microsoft Visual Studio Solution File, Format Version 12.00
# Visual Studio Version 16
VisualStudioVersion = 16.0.29911.84
MinimumVisualStudioVersion = 10.0.40219.1
Project("{9A19103F-16F7-4668-BE54-9A1E7A4F7556}") = "Soccer.Common", "Soccer.Common\Soccer.Common.csproj", "{1865D359-05B5-4C44-A2B6-3C121000ED7A}"
EndProject
Project("{9A19103F-16F7-4668-BE54-9A1E7A4F7556}") = "Soccer.Web", "Soccer.Web\Soccer.Web.csproj", "{6EC28695-8DD9-4F48-B2DF-F646075A5BC5}"
EndProject
Project("{FAE04EC0-301F-11D3-BF4B-00C04F79EFBC}") = "Soccer.Prism", "Soccer.Prism\Soccer.Prism\Soccer.Prism.csproj", "{E3B65584-B8BE-4932-A693-B0D3FAB589D7}"
EndProject
Project("{FAE04EC0-301F-11D3-BF4B-00C04F79EFBC}") = "Soccer.Prism.Android", "Soccer.Prism\Soccer.Prism.Android\Soccer.Prism.Android.csproj", "{8BB789ED-ED86-4B19-B87A-B6C4DC4CC888}"
EndProject
Project("{FAE04EC0-301F-11D3-BF4B-00C04F79EFBC}") = "Soccer.Prism.iOS", "Soccer.Prism\Soccer.Prism.iOS\Soccer.Prism.iOS.csproj", "{E4D49CA3-6758-4F21-BC60-9F80F1375F07}"
EndProject
Project("{FAE04EC0-301F-11D3-BF4B-00C04F79EFBC}") = "Soccer.Cross.Android", "Soccer.Cross.Android\Soccer.Cross.Android.csproj", "{F5726230-FAB1-4D8A-9A53-DF8FB0E5BD93}"
EndProject
Project("{FAE04EC0-301F-11D3-BF4B-00C04F79EFBC}") = "Soccer.Cross.iOS", "Soccer.Cross.iOS\Soccer.Cross.iOS.csproj", "{F657A2EF-01D9-4459-9FAD-F9F1E9FEA9FD}"
EndProject
Global
	GlobalSection(SolutionConfigurationPlatforms) = preSolution
		Ad-Hoc|Any CPU = Ad-Hoc|Any CPU
		Ad-Hoc|iPhone = Ad-Hoc|iPhone
		Ad-Hoc|iPhoneSimulator = Ad-Hoc|iPhoneSimulator
		AppStore|Any CPU = AppStore|Any CPU
		AppStore|iPhone = AppStore|iPhone
		AppStore|iPhoneSimulator = AppStore|iPhoneSimulator
		Debug|Any CPU = Debug|Any CPU
		Debug|iPhone = Debug|iPhone
		Debug|iPhoneSimulator = Debug|iPhoneSimulator
		Release|Any CPU = Release|Any CPU
		Release|iPhone = Release|iPhone
		Release|iPhoneSimulator = Release|iPhoneSimulator
	EndGlobalSection
	GlobalSection(ProjectConfigurationPlatforms) = postSolution
		{1865D359-05B5-4C44-A2B6-3C121000ED7A}.Ad-Hoc|Any CPU.ActiveCfg = Release|Any CPU
		{1865D359-05B5-4C44-A2B6-3C121000ED7A}.Ad-Hoc|Any CPU.Build.0 = Release|Any CPU
		{1865D359-05B5-4C44-A2B6-3C121000ED7A}.Ad-Hoc|iPhone.ActiveCfg = Release|Any CPU
		{1865D359-05B5-4C44-A2B6-3C121000ED7A}.Ad-Hoc|iPhone.Build.0 = Release|Any CPU
		{1865D359-05B5-4C44-A2B6-3C121000ED7A}.Ad-Hoc|iPhoneSimulator.ActiveCfg = Release|Any CPU
		{1865D359-05B5-4C44-A2B6-3C121000ED7A}.Ad-Hoc|iPhoneSimulator.Build.0 = Release|Any CPU
		{1865D359-05B5-4C44-A2B6-3C121000ED7A}.AppStore|Any CPU.ActiveCfg = Release|Any CPU
		{1865D359-05B5-4C44-A2B6-3C121000ED7A}.AppStore|Any CPU.Build.0 = Release|Any CPU
		{1865D359-05B5-4C44-A2B6-3C121000ED7A}.AppStore|iPhone.ActiveCfg = Release|Any CPU
		{1865D359-05B5-4C44-A2B6-3C121000ED7A}.AppStore|iPhone.Build.0 = Release|Any CPU
		{1865D359-05B5-4C44-A2B6-3C121000ED7A}.AppStore|iPhoneSimulator.ActiveCfg = Release|Any CPU
		{1865D359-05B5-4C44-A2B6-3C121000ED7A}.AppStore|iPhoneSimulator.Build.0 = Release|Any CPU
		{1865D359-05B5-4C44-A2B6-3C121000ED7A}.Debug|Any CPU.ActiveCfg = Debug|Any CPU
		{1865D359-05B5-4C44-A2B6-3C121000ED7A}.Debug|Any CPU.Build.0 = Debug|Any CPU
		{1865D359-05B5-4C44-A2B6-3C121000ED7A}.Debug|iPhone.ActiveCfg = Debug|Any CPU
		{1865D359-05B5-4C44-A2B6-3C121000ED7A}.Debug|iPhone.Build.0 = Debug|Any CPU
		{1865D359-05B5-4C44-A2B6-3C121000ED7A}.Debug|iPhoneSimulator.ActiveCfg = Debug|Any CPU
		{1865D359-05B5-4C44-A2B6-3C121000ED7A}.Debug|iPhoneSimulator.Build.0 = Debug|Any CPU
		{1865D359-05B5-4C44-A2B6-3C121000ED7A}.Release|Any CPU.ActiveCfg = Release|Any CPU
		{1865D359-05B5-4C44-A2B6-3C121000ED7A}.Release|Any CPU.Build.0 = Release|Any CPU
		{1865D359-05B5-4C44-A2B6-3C121000ED7A}.Release|iPhone.ActiveCfg = Release|Any CPU
		{1865D359-05B5-4C44-A2B6-3C121000ED7A}.Release|iPhone.Build.0 = Release|Any CPU
		{1865D359-05B5-4C44-A2B6-3C121000ED7A}.Release|iPhoneSimulator.ActiveCfg = Release|Any CPU
		{1865D359-05B5-4C44-A2B6-3C121000ED7A}.Release|iPhoneSimulator.Build.0 = Release|Any CPU
		{6EC28695-8DD9-4F48-B2DF-F646075A5BC5}.Ad-Hoc|Any CPU.ActiveCfg = Release|Any CPU
		{6EC28695-8DD9-4F48-B2DF-F646075A5BC5}.Ad-Hoc|Any CPU.Build.0 = Release|Any CPU
		{6EC28695-8DD9-4F48-B2DF-F646075A5BC5}.Ad-Hoc|iPhone.ActiveCfg = Release|Any CPU
		{6EC28695-8DD9-4F48-B2DF-F646075A5BC5}.Ad-Hoc|iPhone.Build.0 = Release|Any CPU
		{6EC28695-8DD9-4F48-B2DF-F646075A5BC5}.Ad-Hoc|iPhoneSimulator.ActiveCfg = Release|Any CPU
		{6EC28695-8DD9-4F48-B2DF-F646075A5BC5}.Ad-Hoc|iPhoneSimulator.Build.0 = Release|Any CPU
		{6EC28695-8DD9-4F48-B2DF-F646075A5BC5}.AppStore|Any CPU.ActiveCfg = Release|Any CPU
		{6EC28695-8DD9-4F48-B2DF-F646075A5BC5}.AppStore|Any CPU.Build.0 = Release|Any CPU
		{6EC28695-8DD9-4F48-B2DF-F646075A5BC5}.AppStore|iPhone.ActiveCfg = Release|Any CPU
		{6EC28695-8DD9-4F48-B2DF-F646075A5BC5}.AppStore|iPhone.Build.0 = Release|Any CPU
		{6EC28695-8DD9-4F48-B2DF-F646075A5BC5}.AppStore|iPhoneSimulator.ActiveCfg = Release|Any CPU
		{6EC28695-8DD9-4F48-B2DF-F646075A5BC5}.AppStore|iPhoneSimulator.Build.0 = Release|Any CPU
		{6EC28695-8DD9-4F48-B2DF-F646075A5BC5}.Debug|Any CPU.ActiveCfg = Debug|Any CPU
		{6EC28695-8DD9-4F48-B2DF-F646075A5BC5}.Debug|Any CPU.Build.0 = Debug|Any CPU
		{6EC28695-8DD9-4F48-B2DF-F646075A5BC5}.Debug|iPhone.ActiveCfg = Debug|Any CPU
		{6EC28695-8DD9-4F48-B2DF-F646075A5BC5}.Debug|iPhone.Build.0 = Debug|Any CPU
		{6EC28695-8DD9-4F48-B2DF-F646075A5BC5}.Debug|iPhoneSimulator.ActiveCfg = Debug|Any CPU
		{6EC28695-8DD9-4F48-B2DF-F646075A5BC5}.Debug|iPhoneSimulator.Build.0 = Debug|Any CPU
		{6EC28695-8DD9-4F48-B2DF-F646075A5BC5}.Release|Any CPU.ActiveCfg = Release|Any CPU
		{6EC28695-8DD9-4F48-B2DF-F646075A5BC5}.Release|Any CPU.Build.0 = Release|Any CPU
		{6EC28695-8DD9-4F48-B2DF-F646075A5BC5}.Release|iPhone.ActiveCfg = Release|Any CPU
		{6EC28695-8DD9-4F48-B2DF-F646075A5BC5}.Release|iPhone.Build.0 = Release|Any CPU
		{6EC28695-8DD9-4F48-B2DF-F646075A5BC5}.Release|iPhoneSimulator.ActiveCfg = Release|Any CPU
		{6EC28695-8DD9-4F48-B2DF-F646075A5BC5}.Release|iPhoneSimulator.Build.0 = Release|Any CPU
		{E3B65584-B8BE-4932-A693-B0D3FAB589D7}.Ad-Hoc|Any CPU.ActiveCfg = Debug|Any CPU
		{E3B65584-B8BE-4932-A693-B0D3FAB589D7}.Ad-Hoc|Any CPU.Build.0 = Debug|Any CPU
		{E3B65584-B8BE-4932-A693-B0D3FAB589D7}.Ad-Hoc|iPhone.ActiveCfg = Debug|Any CPU
		{E3B65584-B8BE-4932-A693-B0D3FAB589D7}.Ad-Hoc|iPhone.Build.0 = Debug|Any CPU
		{E3B65584-B8BE-4932-A693-B0D3FAB589D7}.Ad-Hoc|iPhoneSimulator.ActiveCfg = Debug|Any CPU
		{E3B65584-B8BE-4932-A693-B0D3FAB589D7}.Ad-Hoc|iPhoneSimulator.Build.0 = Debug|Any CPU
		{E3B65584-B8BE-4932-A693-B0D3FAB589D7}.AppStore|Any CPU.ActiveCfg = Debug|Any CPU
		{E3B65584-B8BE-4932-A693-B0D3FAB589D7}.AppStore|Any CPU.Build.0 = Debug|Any CPU
		{E3B65584-B8BE-4932-A693-B0D3FAB589D7}.AppStore|iPhone.ActiveCfg = Debug|Any CPU
		{E3B65584-B8BE-4932-A693-B0D3FAB589D7}.AppStore|iPhone.Build.0 = Debug|Any CPU
		{E3B65584-B8BE-4932-A693-B0D3FAB589D7}.AppStore|iPhoneSimulator.ActiveCfg = Debug|Any CPU
		{E3B65584-B8BE-4932-A693-B0D3FAB589D7}.AppStore|iPhoneSimulator.Build.0 = Debug|Any CPU
		{E3B65584-B8BE-4932-A693-B0D3FAB589D7}.Debug|Any CPU.ActiveCfg = Debug|Any CPU
		{E3B65584-B8BE-4932-A693-B0D3FAB589D7}.Debug|Any CPU.Build.0 = Debug|Any CPU
		{E3B65584-B8BE-4932-A693-B0D3FAB589D7}.Debug|iPhone.ActiveCfg = Debug|Any CPU
		{E3B65584-B8BE-4932-A693-B0D3FAB589D7}.Debug|iPhone.Build.0 = Debug|Any CPU
		{E3B65584-B8BE-4932-A693-B0D3FAB589D7}.Debug|iPhoneSimulator.ActiveCfg = Debug|Any CPU
		{E3B65584-B8BE-4932-A693-B0D3FAB589D7}.Debug|iPhoneSimulator.Build.0 = Debug|Any CPU
		{E3B65584-B8BE-4932-A693-B0D3FAB589D7}.Release|Any CPU.ActiveCfg = Release|Any CPU
		{E3B65584-B8BE-4932-A693-B0D3FAB589D7}.Release|Any CPU.Build.0 = Release|Any CPU
		{E3B65584-B8BE-4932-A693-B0D3FAB589D7}.Release|iPhone.ActiveCfg = Release|Any CPU
		{E3B65584-B8BE-4932-A693-B0D3FAB589D7}.Release|iPhone.Build.0 = Release|Any CPU
		{E3B65584-B8BE-4932-A693-B0D3FAB589D7}.Release|iPhoneSimulator.ActiveCfg = Release|Any CPU
		{E3B65584-B8BE-4932-A693-B0D3FAB589D7}.Release|iPhoneSimulator.Build.0 = Release|Any CPU
		{8BB789ED-ED86-4B19-B87A-B6C4DC4CC888}.Ad-Hoc|Any CPU.ActiveCfg = Release|Any CPU
		{8BB789ED-ED86-4B19-B87A-B6C4DC4CC888}.Ad-Hoc|Any CPU.Build.0 = Release|Any CPU
		{8BB789ED-ED86-4B19-B87A-B6C4DC4CC888}.Ad-Hoc|Any CPU.Deploy.0 = Release|Any CPU
		{8BB789ED-ED86-4B19-B87A-B6C4DC4CC888}.Ad-Hoc|iPhone.ActiveCfg = Release|Any CPU
		{8BB789ED-ED86-4B19-B87A-B6C4DC4CC888}.Ad-Hoc|iPhone.Build.0 = Release|Any CPU
		{8BB789ED-ED86-4B19-B87A-B6C4DC4CC888}.Ad-Hoc|iPhone.Deploy.0 = Release|Any CPU
		{8BB789ED-ED86-4B19-B87A-B6C4DC4CC888}.Ad-Hoc|iPhoneSimulator.ActiveCfg = Release|Any CPU
		{8BB789ED-ED86-4B19-B87A-B6C4DC4CC888}.Ad-Hoc|iPhoneSimulator.Build.0 = Release|Any CPU
		{8BB789ED-ED86-4B19-B87A-B6C4DC4CC888}.Ad-Hoc|iPhoneSimulator.Deploy.0 = Release|Any CPU
		{8BB789ED-ED86-4B19-B87A-B6C4DC4CC888}.AppStore|Any CPU.ActiveCfg = Release|Any CPU
		{8BB789ED-ED86-4B19-B87A-B6C4DC4CC888}.AppStore|Any CPU.Build.0 = Release|Any CPU
		{8BB789ED-ED86-4B19-B87A-B6C4DC4CC888}.AppStore|Any CPU.Deploy.0 = Release|Any CPU
		{8BB789ED-ED86-4B19-B87A-B6C4DC4CC888}.AppStore|iPhone.ActiveCfg = Release|Any CPU
		{8BB789ED-ED86-4B19-B87A-B6C4DC4CC888}.AppStore|iPhone.Build.0 = Release|Any CPU
		{8BB789ED-ED86-4B19-B87A-B6C4DC4CC888}.AppStore|iPhone.Deploy.0 = Release|Any CPU
		{8BB789ED-ED86-4B19-B87A-B6C4DC4CC888}.AppStore|iPhoneSimulator.ActiveCfg = Release|Any CPU
		{8BB789ED-ED86-4B19-B87A-B6C4DC4CC888}.AppStore|iPhoneSimulator.Build.0 = Release|Any CPU
		{8BB789ED-ED86-4B19-B87A-B6C4DC4CC888}.AppStore|iPhoneSimulator.Deploy.0 = Release|Any CPU
		{8BB789ED-ED86-4B19-B87A-B6C4DC4CC888}.Debug|Any CPU.ActiveCfg = Debug|Any CPU
		{8BB789ED-ED86-4B19-B87A-B6C4DC4CC888}.Debug|Any CPU.Build.0 = Debug|Any CPU
		{8BB789ED-ED86-4B19-B87A-B6C4DC4CC888}.Debug|Any CPU.Deploy.0 = Debug|Any CPU
		{8BB789ED-ED86-4B19-B87A-B6C4DC4CC888}.Debug|iPhone.ActiveCfg = Debug|Any CPU
		{8BB789ED-ED86-4B19-B87A-B6C4DC4CC888}.Debug|iPhone.Build.0 = Debug|Any CPU
		{8BB789ED-ED86-4B19-B87A-B6C4DC4CC888}.Debug|iPhone.Deploy.0 = Debug|Any CPU
		{8BB789ED-ED86-4B19-B87A-B6C4DC4CC888}.Debug|iPhoneSimulator.ActiveCfg = Debug|Any CPU
		{8BB789ED-ED86-4B19-B87A-B6C4DC4CC888}.Debug|iPhoneSimulator.Build.0 = Debug|Any CPU
		{8BB789ED-ED86-4B19-B87A-B6C4DC4CC888}.Debug|iPhoneSimulator.Deploy.0 = Debug|Any CPU
		{8BB789ED-ED86-4B19-B87A-B6C4DC4CC888}.Release|Any CPU.ActiveCfg = Release|Any CPU
		{8BB789ED-ED86-4B19-B87A-B6C4DC4CC888}.Release|Any CPU.Build.0 = Release|Any CPU
		{8BB789ED-ED86-4B19-B87A-B6C4DC4CC888}.Release|Any CPU.Deploy.0 = Release|Any CPU
		{8BB789ED-ED86-4B19-B87A-B6C4DC4CC888}.Release|iPhone.ActiveCfg = Release|Any CPU
		{8BB789ED-ED86-4B19-B87A-B6C4DC4CC888}.Release|iPhone.Build.0 = Release|Any CPU
		{8BB789ED-ED86-4B19-B87A-B6C4DC4CC888}.Release|iPhone.Deploy.0 = Release|Any CPU
		{8BB789ED-ED86-4B19-B87A-B6C4DC4CC888}.Release|iPhoneSimulator.ActiveCfg = Release|Any CPU
		{8BB789ED-ED86-4B19-B87A-B6C4DC4CC888}.Release|iPhoneSimulator.Build.0 = Release|Any CPU
		{8BB789ED-ED86-4B19-B87A-B6C4DC4CC888}.Release|iPhoneSimulator.Deploy.0 = Release|Any CPU
		{E4D49CA3-6758-4F21-BC60-9F80F1375F07}.Ad-Hoc|Any CPU.ActiveCfg = Ad-Hoc|iPhone
		{E4D49CA3-6758-4F21-BC60-9F80F1375F07}.Ad-Hoc|iPhone.ActiveCfg = Ad-Hoc|iPhone
		{E4D49CA3-6758-4F21-BC60-9F80F1375F07}.Ad-Hoc|iPhone.Build.0 = Ad-Hoc|iPhone
		{E4D49CA3-6758-4F21-BC60-9F80F1375F07}.Ad-Hoc|iPhoneSimulator.ActiveCfg = Ad-Hoc|iPhoneSimulator
		{E4D49CA3-6758-4F21-BC60-9F80F1375F07}.Ad-Hoc|iPhoneSimulator.Build.0 = Ad-Hoc|iPhoneSimulator
		{E4D49CA3-6758-4F21-BC60-9F80F1375F07}.AppStore|Any CPU.ActiveCfg = AppStore|iPhone
		{E4D49CA3-6758-4F21-BC60-9F80F1375F07}.AppStore|iPhone.ActiveCfg = AppStore|iPhone
		{E4D49CA3-6758-4F21-BC60-9F80F1375F07}.AppStore|iPhone.Build.0 = AppStore|iPhone
		{E4D49CA3-6758-4F21-BC60-9F80F1375F07}.AppStore|iPhoneSimulator.ActiveCfg = AppStore|iPhoneSimulator
		{E4D49CA3-6758-4F21-BC60-9F80F1375F07}.AppStore|iPhoneSimulator.Build.0 = AppStore|iPhoneSimulator
		{E4D49CA3-6758-4F21-BC60-9F80F1375F07}.Debug|Any CPU.ActiveCfg = Debug|iPhone
		{E4D49CA3-6758-4F21-BC60-9F80F1375F07}.Debug|iPhone.ActiveCfg = Debug|iPhone
		{E4D49CA3-6758-4F21-BC60-9F80F1375F07}.Debug|iPhone.Build.0 = Debug|iPhone
		{E4D49CA3-6758-4F21-BC60-9F80F1375F07}.Debug|iPhoneSimulator.ActiveCfg = Debug|iPhoneSimulator
		{E4D49CA3-6758-4F21-BC60-9F80F1375F07}.Debug|iPhoneSimulator.Build.0 = Debug|iPhoneSimulator
		{E4D49CA3-6758-4F21-BC60-9F80F1375F07}.Release|Any CPU.ActiveCfg = Release|iPhone
		{E4D49CA3-6758-4F21-BC60-9F80F1375F07}.Release|iPhone.ActiveCfg = Release|iPhone
		{E4D49CA3-6758-4F21-BC60-9F80F1375F07}.Release|iPhone.Build.0 = Release|iPhone
		{E4D49CA3-6758-4F21-BC60-9F80F1375F07}.Release|iPhoneSimulator.ActiveCfg = Release|iPhoneSimulator
		{E4D49CA3-6758-4F21-BC60-9F80F1375F07}.Release|iPhoneSimulator.Build.0 = Release|iPhoneSimulator
		{F5726230-FAB1-4D8A-9A53-DF8FB0E5BD93}.Ad-Hoc|Any CPU.ActiveCfg = Release|Any CPU
		{F5726230-FAB1-4D8A-9A53-DF8FB0E5BD93}.Ad-Hoc|Any CPU.Build.0 = Release|Any CPU
		{F5726230-FAB1-4D8A-9A53-DF8FB0E5BD93}.Ad-Hoc|Any CPU.Deploy.0 = Release|Any CPU
		{F5726230-FAB1-4D8A-9A53-DF8FB0E5BD93}.Ad-Hoc|iPhone.ActiveCfg = Release|Any CPU
		{F5726230-FAB1-4D8A-9A53-DF8FB0E5BD93}.Ad-Hoc|iPhone.Build.0 = Release|Any CPU
		{F5726230-FAB1-4D8A-9A53-DF8FB0E5BD93}.Ad-Hoc|iPhone.Deploy.0 = Release|Any CPU
		{F5726230-FAB1-4D8A-9A53-DF8FB0E5BD93}.Ad-Hoc|iPhoneSimulator.ActiveCfg = Release|Any CPU
		{F5726230-FAB1-4D8A-9A53-DF8FB0E5BD93}.Ad-Hoc|iPhoneSimulator.Build.0 = Release|Any CPU
		{F5726230-FAB1-4D8A-9A53-DF8FB0E5BD93}.Ad-Hoc|iPhoneSimulator.Deploy.0 = Release|Any CPU
		{F5726230-FAB1-4D8A-9A53-DF8FB0E5BD93}.AppStore|Any CPU.ActiveCfg = Release|Any CPU
		{F5726230-FAB1-4D8A-9A53-DF8FB0E5BD93}.AppStore|Any CPU.Build.0 = Release|Any CPU
		{F5726230-FAB1-4D8A-9A53-DF8FB0E5BD93}.AppStore|Any CPU.Deploy.0 = Release|Any CPU
		{F5726230-FAB1-4D8A-9A53-DF8FB0E5BD93}.AppStore|iPhone.ActiveCfg = Release|Any CPU
		{F5726230-FAB1-4D8A-9A53-DF8FB0E5BD93}.AppStore|iPhone.Build.0 = Release|Any CPU
		{F5726230-FAB1-4D8A-9A53-DF8FB0E5BD93}.AppStore|iPhone.Deploy.0 = Release|Any CPU
		{F5726230-FAB1-4D8A-9A53-DF8FB0E5BD93}.AppStore|iPhoneSimulator.ActiveCfg = Release|Any CPU
		{F5726230-FAB1-4D8A-9A53-DF8FB0E5BD93}.AppStore|iPhoneSimulator.Build.0 = Release|Any CPU
		{F5726230-FAB1-4D8A-9A53-DF8FB0E5BD93}.AppStore|iPhoneSimulator.Deploy.0 = Release|Any CPU
		{F5726230-FAB1-4D8A-9A53-DF8FB0E5BD93}.Debug|Any CPU.ActiveCfg = Debug|Any CPU
		{F5726230-FAB1-4D8A-9A53-DF8FB0E5BD93}.Debug|Any CPU.Build.0 = Debug|Any CPU
		{F5726230-FAB1-4D8A-9A53-DF8FB0E5BD93}.Debug|Any CPU.Deploy.0 = Debug|Any CPU
		{F5726230-FAB1-4D8A-9A53-DF8FB0E5BD93}.Debug|iPhone.ActiveCfg = Debug|Any CPU
		{F5726230-FAB1-4D8A-9A53-DF8FB0E5BD93}.Debug|iPhone.Build.0 = Debug|Any CPU
		{F5726230-FAB1-4D8A-9A53-DF8FB0E5BD93}.Debug|iPhone.Deploy.0 = Debug|Any CPU
		{F5726230-FAB1-4D8A-9A53-DF8FB0E5BD93}.Debug|iPhoneSimulator.ActiveCfg = Debug|Any CPU
		{F5726230-FAB1-4D8A-9A53-DF8FB0E5BD93}.Debug|iPhoneSimulator.Build.0 = Debug|Any CPU
		{F5726230-FAB1-4D8A-9A53-DF8FB0E5BD93}.Debug|iPhoneSimulator.Deploy.0 = Debug|Any CPU
		{F5726230-FAB1-4D8A-9A53-DF8FB0E5BD93}.Release|Any CPU.ActiveCfg = Release|Any CPU
		{F5726230-FAB1-4D8A-9A53-DF8FB0E5BD93}.Release|Any CPU.Build.0 = Release|Any CPU
		{F5726230-FAB1-4D8A-9A53-DF8FB0E5BD93}.Release|Any CPU.Deploy.0 = Release|Any CPU
		{F5726230-FAB1-4D8A-9A53-DF8FB0E5BD93}.Release|iPhone.ActiveCfg = Release|Any CPU
		{F5726230-FAB1-4D8A-9A53-DF8FB0E5BD93}.Release|iPhone.Build.0 = Release|Any CPU
		{F5726230-FAB1-4D8A-9A53-DF8FB0E5BD93}.Release|iPhone.Deploy.0 = Release|Any CPU
		{F5726230-FAB1-4D8A-9A53-DF8FB0E5BD93}.Release|iPhoneSimulator.ActiveCfg = Release|Any CPU
		{F5726230-FAB1-4D8A-9A53-DF8FB0E5BD93}.Release|iPhoneSimulator.Build.0 = Release|Any CPU
		{F5726230-FAB1-4D8A-9A53-DF8FB0E5BD93}.Release|iPhoneSimulator.Deploy.0 = Release|Any CPU
		{F657A2EF-01D9-4459-9FAD-F9F1E9FEA9FD}.Ad-Hoc|Any CPU.ActiveCfg = Release|iPhone
		{F657A2EF-01D9-4459-9FAD-F9F1E9FEA9FD}.Ad-Hoc|Any CPU.Build.0 = Release|iPhone
		{F657A2EF-01D9-4459-9FAD-F9F1E9FEA9FD}.Ad-Hoc|iPhone.ActiveCfg = Release|iPhone
		{F657A2EF-01D9-4459-9FAD-F9F1E9FEA9FD}.Ad-Hoc|iPhone.Build.0 = Release|iPhone
		{F657A2EF-01D9-4459-9FAD-F9F1E9FEA9FD}.Ad-Hoc|iPhoneSimulator.ActiveCfg = Release|iPhoneSimulator
		{F657A2EF-01D9-4459-9FAD-F9F1E9FEA9FD}.Ad-Hoc|iPhoneSimulator.Build.0 = Release|iPhoneSimulator
		{F657A2EF-01D9-4459-9FAD-F9F1E9FEA9FD}.AppStore|Any CPU.ActiveCfg = Release|iPhone
		{F657A2EF-01D9-4459-9FAD-F9F1E9FEA9FD}.AppStore|Any CPU.Build.0 = Release|iPhone
		{F657A2EF-01D9-4459-9FAD-F9F1E9FEA9FD}.AppStore|iPhone.ActiveCfg = Release|iPhone
		{F657A2EF-01D9-4459-9FAD-F9F1E9FEA9FD}.AppStore|iPhone.Build.0 = Release|iPhone
		{F657A2EF-01D9-4459-9FAD-F9F1E9FEA9FD}.AppStore|iPhoneSimulator.ActiveCfg = Release|iPhoneSimulator
		{F657A2EF-01D9-4459-9FAD-F9F1E9FEA9FD}.AppStore|iPhoneSimulator.Build.0 = Release|iPhoneSimulator
		{F657A2EF-01D9-4459-9FAD-F9F1E9FEA9FD}.Debug|Any CPU.ActiveCfg = Debug|iPhone
		{F657A2EF-01D9-4459-9FAD-F9F1E9FEA9FD}.Debug|iPhone.ActiveCfg = Debug|iPhone
		{F657A2EF-01D9-4459-9FAD-F9F1E9FEA9FD}.Debug|iPhone.Build.0 = Debug|iPhone
		{F657A2EF-01D9-4459-9FAD-F9F1E9FEA9FD}.Debug|iPhoneSimulator.ActiveCfg = Debug|iPhoneSimulator
		{F657A2EF-01D9-4459-9FAD-F9F1E9FEA9FD}.Debug|iPhoneSimulator.Build.0 = Debug|iPhoneSimulator
		{F657A2EF-01D9-4459-9FAD-F9F1E9FEA9FD}.Release|Any CPU.ActiveCfg = Release|iPhone
		{F657A2EF-01D9-4459-9FAD-F9F1E9FEA9FD}.Release|iPhone.ActiveCfg = Release|iPhone
		{F657A2EF-01D9-4459-9FAD-F9F1E9FEA9FD}.Release|iPhone.Build.0 = Release|iPhone
		{F657A2EF-01D9-4459-9FAD-F9F1E9FEA9FD}.Release|iPhoneSimulator.ActiveCfg = Release|iPhoneSimulator
		{F657A2EF-01D9-4459-9FAD-F9F1E9FEA9FD}.Release|iPhoneSimulator.Build.0 = Release|iPhoneSimulator
	EndGlobalSection
	GlobalSection(SolutionProperties) = preSolution
		HideSolutionNode = FALSE
	EndGlobalSection
	GlobalSection(ExtensibilityGlobals) = postSolution
		SolutionGuid = {079CFB99-B32E-4A1F-B888-1920918855B7}
	EndGlobalSection
EndGlobal
